
Microsoft Visual Studio Solution File, Format Version 12.00
# Visual Studio 14
VisualStudioVersion = 14.0.25420.1
MinimumVisualStudioVersion = 10.0.40219.1
Project("{FAE04EC0-301F-11D3-BF4B-00C04F79EFBC}") = "SeaCatCSharpWinRTDemo", "SeaCatCSharpWinRTDemo\SeaCatCSharpWinRTDemo.csproj", "{192B98C9-919F-43C0-8B78-981846E6D3FE}"
EndProject
Project("{FAE04EC0-301F-11D3-BF4B-00C04F79EFBC}") = "SeaCatCSharpWP81Demo", "SeaCatCSharpWP81Demo\SeaCatCSharpWP81Demo.csproj", "{89607A4A-B9AE-49B8-A4B8-78731829237E}"
EndProject
Project("{FAE04EC0-301F-11D3-BF4B-00C04F79EFBC}") = "SeaCatCSharpWinRTClient", "SeaCatCSharpWinRTClient\SeaCatCSharpWinRTClient.csproj", "{08B2E910-FAF8-4D04-8D59-BBE917DFEB0B}"
EndProject
Project("{FAE04EC0-301F-11D3-BF4B-00C04F79EFBC}") = "SeaCatCSharpWP81Client", "SeaCatCSharpWP81Client\SeaCatCSharpWP81Client.csproj", "{AAE5BAAF-C012-4847-B0CD-A4FF8303EBCE}"
EndProject
Project("{8BC9CEB8-8B4A-11D0-8D11-00A0C91BC942}") = "SeaCatCSharpWP81Bridge", "SeaCatCSharpWP81Bridge\SeaCatCSharpWP81Bridge.vcxproj", "{F5FA9EBE-79EE-4C95-8763-52652FA132B0}"
EndProject
Project("{8BC9CEB8-8B4A-11D0-8D11-00A0C91BC942}") = "SeaCatCSharpWinRTBridge", "SeaCatCSharpWinRTBridge\SeaCatCSharpWinRTBridge.vcxproj", "{1270F43D-961F-4CFD-A780-41056B54B4FC}"
EndProject
Global
	GlobalSection(SolutionConfigurationPlatforms) = preSolution
		Debug|ARM = Debug|ARM
		Debug|x86 = Debug|x86
		Release|ARM = Release|ARM
		Release|x86 = Release|x86
	EndGlobalSection
	GlobalSection(ProjectConfigurationPlatforms) = postSolution
		{192B98C9-919F-43C0-8B78-981846E6D3FE}.Debug|ARM.ActiveCfg = Debug|ARM
		{192B98C9-919F-43C0-8B78-981846E6D3FE}.Debug|ARM.Build.0 = Debug|ARM
		{192B98C9-919F-43C0-8B78-981846E6D3FE}.Debug|ARM.Deploy.0 = Debug|ARM
		{192B98C9-919F-43C0-8B78-981846E6D3FE}.Debug|x86.ActiveCfg = Debug|x86
		{192B98C9-919F-43C0-8B78-981846E6D3FE}.Debug|x86.Build.0 = Debug|x86
		{192B98C9-919F-43C0-8B78-981846E6D3FE}.Debug|x86.Deploy.0 = Debug|x86
		{192B98C9-919F-43C0-8B78-981846E6D3FE}.Release|ARM.ActiveCfg = Release|ARM
		{192B98C9-919F-43C0-8B78-981846E6D3FE}.Release|ARM.Build.0 = Release|ARM
		{192B98C9-919F-43C0-8B78-981846E6D3FE}.Release|ARM.Deploy.0 = Release|ARM
		{192B98C9-919F-43C0-8B78-981846E6D3FE}.Release|x86.ActiveCfg = Release|x86
		{192B98C9-919F-43C0-8B78-981846E6D3FE}.Release|x86.Build.0 = Release|x86
		{192B98C9-919F-43C0-8B78-981846E6D3FE}.Release|x86.Deploy.0 = Release|x86
		{89607A4A-B9AE-49B8-A4B8-78731829237E}.Debug|ARM.ActiveCfg = Debug|ARM
		{89607A4A-B9AE-49B8-A4B8-78731829237E}.Debug|ARM.Build.0 = Debug|ARM
		{89607A4A-B9AE-49B8-A4B8-78731829237E}.Debug|ARM.Deploy.0 = Debug|ARM
		{89607A4A-B9AE-49B8-A4B8-78731829237E}.Debug|x86.ActiveCfg = Debug|x86
		{89607A4A-B9AE-49B8-A4B8-78731829237E}.Debug|x86.Build.0 = Debug|x86
		{89607A4A-B9AE-49B8-A4B8-78731829237E}.Debug|x86.Deploy.0 = Debug|x86
		{89607A4A-B9AE-49B8-A4B8-78731829237E}.Release|ARM.ActiveCfg = Release|ARM
		{89607A4A-B9AE-49B8-A4B8-78731829237E}.Release|ARM.Build.0 = Release|ARM
		{89607A4A-B9AE-49B8-A4B8-78731829237E}.Release|ARM.Deploy.0 = Release|ARM
		{89607A4A-B9AE-49B8-A4B8-78731829237E}.Release|x86.ActiveCfg = Release|x86
		{89607A4A-B9AE-49B8-A4B8-78731829237E}.Release|x86.Build.0 = Release|x86
		{89607A4A-B9AE-49B8-A4B8-78731829237E}.Release|x86.Deploy.0 = Release|x86
		{08B2E910-FAF8-4D04-8D59-BBE917DFEB0B}.Debug|ARM.ActiveCfg = Debug|ARM
		{08B2E910-FAF8-4D04-8D59-BBE917DFEB0B}.Debug|ARM.Build.0 = Debug|ARM
		{08B2E910-FAF8-4D04-8D59-BBE917DFEB0B}.Debug|x86.ActiveCfg = Debug|x86
		{08B2E910-FAF8-4D04-8D59-BBE917DFEB0B}.Debug|x86.Build.0 = Debug|x86
		{08B2E910-FAF8-4D04-8D59-BBE917DFEB0B}.Release|ARM.ActiveCfg = Release|ARM
		{08B2E910-FAF8-4D04-8D59-BBE917DFEB0B}.Release|ARM.Build.0 = Release|ARM
		{08B2E910-FAF8-4D04-8D59-BBE917DFEB0B}.Release|x86.ActiveCfg = Release|x86
		{08B2E910-FAF8-4D04-8D59-BBE917DFEB0B}.Release|x86.Build.0 = Release|x86
		{AAE5BAAF-C012-4847-B0CD-A4FF8303EBCE}.Debug|ARM.ActiveCfg = Debug|ARM
		{AAE5BAAF-C012-4847-B0CD-A4FF8303EBCE}.Debug|ARM.Build.0 = Debug|ARM
		{AAE5BAAF-C012-4847-B0CD-A4FF8303EBCE}.Debug|x86.ActiveCfg = Debug|x86
		{AAE5BAAF-C012-4847-B0CD-A4FF8303EBCE}.Debug|x86.Build.0 = Debug|x86
		{AAE5BAAF-C012-4847-B0CD-A4FF8303EBCE}.Release|ARM.ActiveCfg = Release|ARM
		{AAE5BAAF-C012-4847-B0CD-A4FF8303EBCE}.Release|ARM.Build.0 = Release|ARM
		{AAE5BAAF-C012-4847-B0CD-A4FF8303EBCE}.Release|x86.ActiveCfg = Release|x86
		{AAE5BAAF-C012-4847-B0CD-A4FF8303EBCE}.Release|x86.Build.0 = Release|x86
		{F5FA9EBE-79EE-4C95-8763-52652FA132B0}.Debug|ARM.ActiveCfg = Debug|ARM
		{F5FA9EBE-79EE-4C95-8763-52652FA132B0}.Debug|ARM.Build.0 = Debug|ARM
		{F5FA9EBE-79EE-4C95-8763-52652FA132B0}.Debug|x86.ActiveCfg = Debug|Win32
		{F5FA9EBE-79EE-4C95-8763-52652FA132B0}.Debug|x86.Build.0 = Debug|Win32
		{F5FA9EBE-79EE-4C95-8763-52652FA132B0}.Release|ARM.ActiveCfg = Release|ARM
		{F5FA9EBE-79EE-4C95-8763-52652FA132B0}.Release|ARM.Build.0 = Release|ARM
		{F5FA9EBE-79EE-4C95-8763-52652FA132B0}.Release|x86.ActiveCfg = Release|Win32
		{F5FA9EBE-79EE-4C95-8763-52652FA132B0}.Release|x86.Build.0 = Release|Win32
		{1270F43D-961F-4CFD-A780-41056B54B4FC}.Debug|ARM.ActiveCfg = Debug|ARM
		{1270F43D-961F-4CFD-A780-41056B54B4FC}.Debug|ARM.Build.0 = Debug|ARM
		{1270F43D-961F-4CFD-A780-41056B54B4FC}.Debug|x86.ActiveCfg = Debug|Win32
		{1270F43D-961F-4CFD-A780-41056B54B4FC}.Debug|x86.Build.0 = Debug|Win32
		{1270F43D-961F-4CFD-A780-41056B54B4FC}.Release|ARM.ActiveCfg = Release|ARM
		{1270F43D-961F-4CFD-A780-41056B54B4FC}.Release|ARM.Build.0 = Release|ARM
		{1270F43D-961F-4CFD-A780-41056B54B4FC}.Release|x86.ActiveCfg = Release|Win32
		{1270F43D-961F-4CFD-A780-41056B54B4FC}.Release|x86.Build.0 = Release|Win32
	EndGlobalSection
	GlobalSection(SolutionProperties) = preSolution
		HideSolutionNode = FALSE
	EndGlobalSection
EndGlobal
