
Microsoft Visual Studio Solution File, Format Version 12.00
# Visual Studio 14
VisualStudioVersion = 14.0.25420.1
MinimumVisualStudioVersion = 10.0.40219.1
Project("{FAE04EC0-301F-11D3-BF4B-00C04F79EFBC}") = "seacat-app", "seacat-client\seacat-app.csproj", "{C38991E9-BC8F-4C1A-9ED3-2D206EE3FAC6}"
EndProject
Project("{8BC9CEB8-8B4A-11D0-8D11-00A0C91BC942}") = "seacat-core-bridge", "seacat-core-bridge\seacat-core-bridge.vcxproj", "{206D6C54-9B9D-407D-BDDF-17AF91377A9A}"
EndProject
Project("{FAE04EC0-301F-11D3-BF4B-00C04F79EFBC}") = "seacat-wp-client", "seacat-wp-client\seacat-wp-client.csproj", "{3A50BB95-EA21-4BA8-BF7F-277D17D956D3}"
EndProject
Global
	GlobalSection(SolutionConfigurationPlatforms) = preSolution
		Debug|Any CPU = Debug|Any CPU
		Debug|ARM = Debug|ARM
		Debug|x86 = Debug|x86
		Release|Any CPU = Release|Any CPU
		Release|ARM = Release|ARM
		Release|x86 = Release|x86
	EndGlobalSection
	GlobalSection(ProjectConfigurationPlatforms) = postSolution
		{C38991E9-BC8F-4C1A-9ED3-2D206EE3FAC6}.Debug|Any CPU.ActiveCfg = Debug|ARM
		{C38991E9-BC8F-4C1A-9ED3-2D206EE3FAC6}.Debug|Any CPU.Build.0 = Debug|ARM
		{C38991E9-BC8F-4C1A-9ED3-2D206EE3FAC6}.Debug|Any CPU.Deploy.0 = Debug|ARM
		{C38991E9-BC8F-4C1A-9ED3-2D206EE3FAC6}.Debug|ARM.ActiveCfg = Debug|x86
		{C38991E9-BC8F-4C1A-9ED3-2D206EE3FAC6}.Debug|ARM.Build.0 = Debug|x86
		{C38991E9-BC8F-4C1A-9ED3-2D206EE3FAC6}.Debug|ARM.Deploy.0 = Debug|x86
		{C38991E9-BC8F-4C1A-9ED3-2D206EE3FAC6}.Debug|x86.ActiveCfg = Debug|x86
		{C38991E9-BC8F-4C1A-9ED3-2D206EE3FAC6}.Debug|x86.Build.0 = Debug|x86
		{C38991E9-BC8F-4C1A-9ED3-2D206EE3FAC6}.Debug|x86.Deploy.0 = Debug|x86
		{C38991E9-BC8F-4C1A-9ED3-2D206EE3FAC6}.Release|Any CPU.ActiveCfg = Release|Any CPU
		{C38991E9-BC8F-4C1A-9ED3-2D206EE3FAC6}.Release|Any CPU.Build.0 = Release|Any CPU
		{C38991E9-BC8F-4C1A-9ED3-2D206EE3FAC6}.Release|Any CPU.Deploy.0 = Release|Any CPU
		{C38991E9-BC8F-4C1A-9ED3-2D206EE3FAC6}.Release|ARM.ActiveCfg = Release|ARM
		{C38991E9-BC8F-4C1A-9ED3-2D206EE3FAC6}.Release|ARM.Build.0 = Release|ARM
		{C38991E9-BC8F-4C1A-9ED3-2D206EE3FAC6}.Release|ARM.Deploy.0 = Release|ARM
		{C38991E9-BC8F-4C1A-9ED3-2D206EE3FAC6}.Release|x86.ActiveCfg = Release|x86
		{C38991E9-BC8F-4C1A-9ED3-2D206EE3FAC6}.Release|x86.Build.0 = Release|x86
		{C38991E9-BC8F-4C1A-9ED3-2D206EE3FAC6}.Release|x86.Deploy.0 = Release|x86
		{206D6C54-9B9D-407D-BDDF-17AF91377A9A}.Debug|Any CPU.ActiveCfg = Debug|ARM
		{206D6C54-9B9D-407D-BDDF-17AF91377A9A}.Debug|ARM.ActiveCfg = Debug|Win32
		{206D6C54-9B9D-407D-BDDF-17AF91377A9A}.Debug|ARM.Build.0 = Debug|Win32
		{206D6C54-9B9D-407D-BDDF-17AF91377A9A}.Debug|x86.ActiveCfg = Debug|Win32
		{206D6C54-9B9D-407D-BDDF-17AF91377A9A}.Debug|x86.Build.0 = Debug|Win32
		{206D6C54-9B9D-407D-BDDF-17AF91377A9A}.Release|Any CPU.ActiveCfg = Release|Win32
		{206D6C54-9B9D-407D-BDDF-17AF91377A9A}.Release|ARM.ActiveCfg = Release|ARM
		{206D6C54-9B9D-407D-BDDF-17AF91377A9A}.Release|ARM.Build.0 = Release|ARM
		{206D6C54-9B9D-407D-BDDF-17AF91377A9A}.Release|x86.ActiveCfg = Release|Win32
		{206D6C54-9B9D-407D-BDDF-17AF91377A9A}.Release|x86.Build.0 = Release|Win32
		{3A50BB95-EA21-4BA8-BF7F-277D17D956D3}.Debug|Any CPU.ActiveCfg = Debug|Any CPU
		{3A50BB95-EA21-4BA8-BF7F-277D17D956D3}.Debug|Any CPU.Build.0 = Debug|Any CPU
		{3A50BB95-EA21-4BA8-BF7F-277D17D956D3}.Debug|ARM.ActiveCfg = Debug|ARM
		{3A50BB95-EA21-4BA8-BF7F-277D17D956D3}.Debug|ARM.Build.0 = Debug|ARM
		{3A50BB95-EA21-4BA8-BF7F-277D17D956D3}.Debug|x86.ActiveCfg = Debug|x86
		{3A50BB95-EA21-4BA8-BF7F-277D17D956D3}.Debug|x86.Build.0 = Debug|x86
		{3A50BB95-EA21-4BA8-BF7F-277D17D956D3}.Release|Any CPU.ActiveCfg = Release|Any CPU
		{3A50BB95-EA21-4BA8-BF7F-277D17D956D3}.Release|Any CPU.Build.0 = Release|Any CPU
		{3A50BB95-EA21-4BA8-BF7F-277D17D956D3}.Release|ARM.ActiveCfg = Release|ARM
		{3A50BB95-EA21-4BA8-BF7F-277D17D956D3}.Release|ARM.Build.0 = Release|ARM
		{3A50BB95-EA21-4BA8-BF7F-277D17D956D3}.Release|x86.ActiveCfg = Release|x86
		{3A50BB95-EA21-4BA8-BF7F-277D17D956D3}.Release|x86.Build.0 = Release|x86
	EndGlobalSection
	GlobalSection(SolutionProperties) = preSolution
		HideSolutionNode = FALSE
	EndGlobalSection
EndGlobal
